
Microsoft Visual Studio Solution File, Format Version 12.00
# Visual Studio Version 17
VisualStudioVersion = 17.14.36915.13 d17.14
MinimumVisualStudioVersion = 10.0.40219.1
Project("{FAE04EC0-301F-11D3-BF4B-00C04F79EFBC}") = "Agro.DataReceiver", "Agro.DataReceiver.csproj", "{AA4D477C-442C-431A-B7EC-0457B7FB907F}"
EndProject
Project("{FAE04EC0-301F-11D3-BF4B-00C04F79EFBC}") = "Agro.DataReceiver.Tests", "Tests\Agro.DataReceiver.Tests.csproj", "{01FC6F3E-DEF7-BF65-C3BB-AC7E810C4A50}"
EndProject
Global
	GlobalSection(SolutionConfigurationPlatforms) = preSolution
		Debug|Any CPU = Debug|Any CPU
		Release|Any CPU = Release|Any CPU
	EndGlobalSection
	GlobalSection(ProjectConfigurationPlatforms) = postSolution
		{AA4D477C-442C-431A-B7EC-0457B7FB907F}.Debug|Any CPU.ActiveCfg = Debug|Any CPU
		{AA4D477C-442C-431A-B7EC-0457B7FB907F}.Debug|Any CPU.Build.0 = Debug|Any CPU
		{AA4D477C-442C-431A-B7EC-0457B7FB907F}.Release|Any CPU.ActiveCfg = Release|Any CPU
		{AA4D477C-442C-431A-B7EC-0457B7FB907F}.Release|Any CPU.Build.0 = Release|Any CPU
		{01FC6F3E-DEF7-BF65-C3BB-AC7E810C4A50}.Debug|Any CPU.ActiveCfg = Debug|Any CPU
		{01FC6F3E-DEF7-BF65-C3BB-AC7E810C4A50}.Debug|Any CPU.Build.0 = Debug|Any CPU
		{01FC6F3E-DEF7-BF65-C3BB-AC7E810C4A50}.Release|Any CPU.ActiveCfg = Release|Any CPU
		{01FC6F3E-DEF7-BF65-C3BB-AC7E810C4A50}.Release|Any CPU.Build.0 = Release|Any CPU
	EndGlobalSection
	GlobalSection(SolutionProperties) = preSolution
		HideSolutionNode = FALSE
	EndGlobalSection
	GlobalSection(ExtensibilityGlobals) = postSolution
		SolutionGuid = {2425BB44-5FA0-4891-9080-F7FF670024D2}
	EndGlobalSection
EndGlobal
