
Microsoft Visual Studio Solution File, Format Version 12.00
# Visual Studio Version 17
VisualStudioVersion = 17.14.36915.13 d17.14
MinimumVisualStudioVersion = 10.0.40219.1
Project("{FAE04EC0-301F-11D3-BF4B-00C04F79EFBC}") = "Agro.SensorSimulator.Worker", "Agro.SensorSimulator.Worker.csproj", "{30FFC7BA-7D43-4376-BA98-4F27A24C09C5}"
EndProject
Global
	GlobalSection(SolutionConfigurationPlatforms) = preSolution
		Debug|Any CPU = Debug|Any CPU
		Release|Any CPU = Release|Any CPU
	EndGlobalSection
	GlobalSection(ProjectConfigurationPlatforms) = postSolution
		{30FFC7BA-7D43-4376-BA98-4F27A24C09C5}.Debug|Any CPU.ActiveCfg = Debug|Any CPU
		{30FFC7BA-7D43-4376-BA98-4F27A24C09C5}.Debug|Any CPU.Build.0 = Debug|Any CPU
		{30FFC7BA-7D43-4376-BA98-4F27A24C09C5}.Release|Any CPU.ActiveCfg = Release|Any CPU
		{30FFC7BA-7D43-4376-BA98-4F27A24C09C5}.Release|Any CPU.Build.0 = Release|Any CPU
	EndGlobalSection
	GlobalSection(SolutionProperties) = preSolution
		HideSolutionNode = FALSE
	EndGlobalSection
	GlobalSection(ExtensibilityGlobals) = postSolution
		SolutionGuid = {4E0A9320-71D2-47CB-A43F-4DA34087F602}
	EndGlobalSection
EndGlobal
