
Microsoft Visual Studio Solution File, Format Version 12.00
# Visual Studio Version 17
VisualStudioVersion = 17.0.31903.59
MinimumVisualStudioVersion = 10.0.40219.1
Project("{FAE04EC0-301F-11D3-BF4B-00C04F79EFBC}") = "FAS.API", "FAS.API\FAS.API.csproj", "{2260BD15-5A8A-4177-B22A-AC1D3E6F2171}"
EndProject
Project("{FAE04EC0-301F-11D3-BF4B-00C04F79EFBC}") = "FAS.Domain", "FAS.Domain\FAS.Domain.csproj", "{9F0AEF88-5810-466F-A09D-47433D9C9216}"
EndProject
Project("{FAE04EC0-301F-11D3-BF4B-00C04F79EFBC}") = "FAS.Application", "FAS.Application\FAS.Application.csproj", "{B88B0BC2-B9F1-4FD8-8EBD-6FCCA40445C1}"
EndProject
Project("{FAE04EC0-301F-11D3-BF4B-00C04F79EFBC}") = "FAS.Infra.Data", "FAS.Infra.Data\FAS.Infra.Data.csproj", "{9A4773A7-8849-4C8E-A368-67D290CEB21D}"
EndProject
Project("{FAE04EC0-301F-11D3-BF4B-00C04F79EFBC}") = "FAS.Infra.Ioc", "FAS.Infra.Ioc\FAS.Infra.Ioc.csproj", "{A8EF9F2F-F3A9-45E2-9602-BBFEF5016C0A}"
EndProject
Project("{FAE04EC0-301F-11D3-BF4B-00C04F79EFBC}") = "FAS.Tests", "FAS.Tests\FAS.Tests.csproj", "{B6798795-80A8-4921-8BB9-40ECE8A0C98B}"
EndProject
Global
	GlobalSection(SolutionConfigurationPlatforms) = preSolution
		Debug|Any CPU = Debug|Any CPU
		Debug|x64 = Debug|x64
		Debug|x86 = Debug|x86
		Release|Any CPU = Release|Any CPU
		Release|x64 = Release|x64
		Release|x86 = Release|x86
	EndGlobalSection
	GlobalSection(ProjectConfigurationPlatforms) = postSolution
		{2260BD15-5A8A-4177-B22A-AC1D3E6F2171}.Debug|Any CPU.ActiveCfg = Debug|Any CPU
		{2260BD15-5A8A-4177-B22A-AC1D3E6F2171}.Debug|Any CPU.Build.0 = Debug|Any CPU
		{2260BD15-5A8A-4177-B22A-AC1D3E6F2171}.Debug|x64.ActiveCfg = Debug|Any CPU
		{2260BD15-5A8A-4177-B22A-AC1D3E6F2171}.Debug|x64.Build.0 = Debug|Any CPU
		{2260BD15-5A8A-4177-B22A-AC1D3E6F2171}.Debug|x86.ActiveCfg = Debug|Any CPU
		{2260BD15-5A8A-4177-B22A-AC1D3E6F2171}.Debug|x86.Build.0 = Debug|Any CPU
		{2260BD15-5A8A-4177-B22A-AC1D3E6F2171}.Release|Any CPU.ActiveCfg = Release|Any CPU
		{2260BD15-5A8A-4177-B22A-AC1D3E6F2171}.Release|Any CPU.Build.0 = Release|Any CPU
		{2260BD15-5A8A-4177-B22A-AC1D3E6F2171}.Release|x64.ActiveCfg = Release|Any CPU
		{2260BD15-5A8A-4177-B22A-AC1D3E6F2171}.Release|x64.Build.0 = Release|Any CPU
		{2260BD15-5A8A-4177-B22A-AC1D3E6F2171}.Release|x86.ActiveCfg = Release|Any CPU
		{2260BD15-5A8A-4177-B22A-AC1D3E6F2171}.Release|x86.Build.0 = Release|Any CPU
		{9F0AEF88-5810-466F-A09D-47433D9C9216}.Debug|Any CPU.ActiveCfg = Debug|Any CPU
		{9F0AEF88-5810-466F-A09D-47433D9C9216}.Debug|Any CPU.Build.0 = Debug|Any CPU
		{9F0AEF88-5810-466F-A09D-47433D9C9216}.Debug|x64.ActiveCfg = Debug|Any CPU
		{9F0AEF88-5810-466F-A09D-47433D9C9216}.Debug|x64.Build.0 = Debug|Any CPU
		{9F0AEF88-5810-466F-A09D-47433D9C9216}.Debug|x86.ActiveCfg = Debug|Any CPU
		{9F0AEF88-5810-466F-A09D-47433D9C9216}.Debug|x86.Build.0 = Debug|Any CPU
		{9F0AEF88-5810-466F-A09D-47433D9C9216}.Release|Any CPU.ActiveCfg = Release|Any CPU
		{9F0AEF88-5810-466F-A09D-47433D9C9216}.Release|Any CPU.Build.0 = Release|Any CPU
		{9F0AEF88-5810-466F-A09D-47433D9C9216}.Release|x64.ActiveCfg = Release|Any CPU
		{9F0AEF88-5810-466F-A09D-47433D9C9216}.Release|x64.Build.0 = Release|Any CPU
		{9F0AEF88-5810-466F-A09D-47433D9C9216}.Release|x86.ActiveCfg = Release|Any CPU
		{9F0AEF88-5810-466F-A09D-47433D9C9216}.Release|x86.Build.0 = Release|Any CPU
		{B88B0BC2-B9F1-4FD8-8EBD-6FCCA40445C1}.Debug|Any CPU.ActiveCfg = Debug|Any CPU
		{B88B0BC2-B9F1-4FD8-8EBD-6FCCA40445C1}.Debug|Any CPU.Build.0 = Debug|Any CPU
		{B88B0BC2-B9F1-4FD8-8EBD-6FCCA40445C1}.Debug|x64.ActiveCfg = Debug|Any CPU
		{B88B0BC2-B9F1-4FD8-8EBD-6FCCA40445C1}.Debug|x64.Build.0 = Debug|Any CPU
		{B88B0BC2-B9F1-4FD8-8EBD-6FCCA40445C1}.Debug|x86.ActiveCfg = Debug|Any CPU
		{B88B0BC2-B9F1-4FD8-8EBD-6FCCA40445C1}.Debug|x86.Build.0 = Debug|Any CPU
		{B88B0BC2-B9F1-4FD8-8EBD-6FCCA40445C1}.Release|Any CPU.ActiveCfg = Release|Any CPU
		{B88B0BC2-B9F1-4FD8-8EBD-6FCCA40445C1}.Release|Any CPU.Build.0 = Release|Any CPU
		{B88B0BC2-B9F1-4FD8-8EBD-6FCCA40445C1}.Release|x64.ActiveCfg = Release|Any CPU
		{B88B0BC2-B9F1-4FD8-8EBD-6FCCA40445C1}.Release|x64.Build.0 = Release|Any CPU
		{B88B0BC2-B9F1-4FD8-8EBD-6FCCA40445C1}.Release|x86.ActiveCfg = Release|Any CPU
		{B88B0BC2-B9F1-4FD8-8EBD-6FCCA40445C1}.Release|x86.Build.0 = Release|Any CPU
		{9A4773A7-8849-4C8E-A368-67D290CEB21D}.Debug|Any CPU.ActiveCfg = Debug|Any CPU
		{9A4773A7-8849-4C8E-A368-67D290CEB21D}.Debug|Any CPU.Build.0 = Debug|Any CPU
		{9A4773A7-8849-4C8E-A368-67D290CEB21D}.Debug|x64.ActiveCfg = Debug|Any CPU
		{9A4773A7-8849-4C8E-A368-67D290CEB21D}.Debug|x64.Build.0 = Debug|Any CPU
		{9A4773A7-8849-4C8E-A368-67D290CEB21D}.Debug|x86.ActiveCfg = Debug|Any CPU
		{9A4773A7-8849-4C8E-A368-67D290CEB21D}.Debug|x86.Build.0 = Debug|Any CPU
		{9A4773A7-8849-4C8E-A368-67D290CEB21D}.Release|Any CPU.ActiveCfg = Release|Any CPU
		{9A4773A7-8849-4C8E-A368-67D290CEB21D}.Release|Any CPU.Build.0 = Release|Any CPU
		{9A4773A7-8849-4C8E-A368-67D290CEB21D}.Release|x64.ActiveCfg = Release|Any CPU
		{9A4773A7-8849-4C8E-A368-67D290CEB21D}.Release|x64.Build.0 = Release|Any CPU
		{9A4773A7-8849-4C8E-A368-67D290CEB21D}.Release|x86.ActiveCfg = Release|Any CPU
		{9A4773A7-8849-4C8E-A368-67D290CEB21D}.Release|x86.Build.0 = Release|Any CPU
		{A8EF9F2F-F3A9-45E2-9602-BBFEF5016C0A}.Debug|Any CPU.ActiveCfg = Debug|Any CPU
		{A8EF9F2F-F3A9-45E2-9602-BBFEF5016C0A}.Debug|Any CPU.Build.0 = Debug|Any CPU
		{A8EF9F2F-F3A9-45E2-9602-BBFEF5016C0A}.Debug|x64.ActiveCfg = Debug|Any CPU
		{A8EF9F2F-F3A9-45E2-9602-BBFEF5016C0A}.Debug|x64.Build.0 = Debug|Any CPU
		{A8EF9F2F-F3A9-45E2-9602-BBFEF5016C0A}.Debug|x86.ActiveCfg = Debug|Any CPU
		{A8EF9F2F-F3A9-45E2-9602-BBFEF5016C0A}.Debug|x86.Build.0 = Debug|Any CPU
		{A8EF9F2F-F3A9-45E2-9602-BBFEF5016C0A}.Release|Any CPU.ActiveCfg = Release|Any CPU
		{A8EF9F2F-F3A9-45E2-9602-BBFEF5016C0A}.Release|Any CPU.Build.0 = Release|Any CPU
		{A8EF9F2F-F3A9-45E2-9602-BBFEF5016C0A}.Release|x64.ActiveCfg = Release|Any CPU
		{A8EF9F2F-F3A9-45E2-9602-BBFEF5016C0A}.Release|x64.Build.0 = Release|Any CPU
		{A8EF9F2F-F3A9-45E2-9602-BBFEF5016C0A}.Release|x86.ActiveCfg = Release|Any CPU
		{A8EF9F2F-F3A9-45E2-9602-BBFEF5016C0A}.Release|x86.Build.0 = Release|Any CPU
		{B6798795-80A8-4921-8BB9-40ECE8A0C98B}.Debug|Any CPU.ActiveCfg = Debug|Any CPU
		{B6798795-80A8-4921-8BB9-40ECE8A0C98B}.Debug|Any CPU.Build.0 = Debug|Any CPU
		{B6798795-80A8-4921-8BB9-40ECE8A0C98B}.Debug|x64.ActiveCfg = Debug|Any CPU
		{B6798795-80A8-4921-8BB9-40ECE8A0C98B}.Debug|x64.Build.0 = Debug|Any CPU
		{B6798795-80A8-4921-8BB9-40ECE8A0C98B}.Debug|x86.ActiveCfg = Debug|Any CPU
		{B6798795-80A8-4921-8BB9-40ECE8A0C98B}.Debug|x86.Build.0 = Debug|Any CPU
		{B6798795-80A8-4921-8BB9-40ECE8A0C98B}.Release|Any CPU.ActiveCfg = Release|Any CPU
		{B6798795-80A8-4921-8BB9-40ECE8A0C98B}.Release|Any CPU.Build.0 = Release|Any CPU
		{B6798795-80A8-4921-8BB9-40ECE8A0C98B}.Release|x64.ActiveCfg = Release|Any CPU
		{B6798795-80A8-4921-8BB9-40ECE8A0C98B}.Release|x64.Build.0 = Release|Any CPU
		{B6798795-80A8-4921-8BB9-40ECE8A0C98B}.Release|x86.ActiveCfg = Release|Any CPU
		{B6798795-80A8-4921-8BB9-40ECE8A0C98B}.Release|x86.Build.0 = Release|Any CPU
	EndGlobalSection
	GlobalSection(SolutionProperties) = preSolution
		HideSolutionNode = FALSE
	EndGlobalSection
EndGlobal
